
Microsoft Visual Studio Solution File, Format Version 12.00
# Visual Studio 2012
Project("{FAE04EC0-301F-11D3-BF4B-00C04F79EFBC}") = "Wb", "Wb\Wb.csproj", "{D8F62973-8C9F-4D67-830A-EB2776BDAA51}"
EndProject
Project("{FAE04EC0-301F-11D3-BF4B-00C04F79EFBC}") = "FnTests", "FnTests\FnTests\FnTests.csproj", "{C1864907-3876-439C-9BA9-08C9ED6B709A}"
EndProject
Project("{FAE04EC0-301F-11D3-BF4B-00C04F79EFBC}") = "Fn", "Fn\Fn.csproj", "{60A2E52A-78FD-4E46-A9F7-3EC6EE700B23}"
EndProject
Global
	GlobalSection(SolutionConfigurationPlatforms) = preSolution
		Debug|Any CPU = Debug|Any CPU
		Release|Any CPU = Release|Any CPU
	EndGlobalSection
	GlobalSection(ProjectConfigurationPlatforms) = postSolution
		{D8F62973-8C9F-4D67-830A-EB2776BDAA51}.Debug|Any CPU.ActiveCfg = Debug|Any CPU
		{D8F62973-8C9F-4D67-830A-EB2776BDAA51}.Debug|Any CPU.Build.0 = Debug|Any CPU
		{D8F62973-8C9F-4D67-830A-EB2776BDAA51}.Release|Any CPU.ActiveCfg = Release|Any CPU
		{D8F62973-8C9F-4D67-830A-EB2776BDAA51}.Release|Any CPU.Build.0 = Release|Any CPU
		{C1864907-3876-439C-9BA9-08C9ED6B709A}.Debug|Any CPU.ActiveCfg = Debug|Any CPU
		{C1864907-3876-439C-9BA9-08C9ED6B709A}.Debug|Any CPU.Build.0 = Debug|Any CPU
		{C1864907-3876-439C-9BA9-08C9ED6B709A}.Release|Any CPU.ActiveCfg = Release|Any CPU
		{C1864907-3876-439C-9BA9-08C9ED6B709A}.Release|Any CPU.Build.0 = Release|Any CPU
		{60A2E52A-78FD-4E46-A9F7-3EC6EE700B23}.Debug|Any CPU.ActiveCfg = Debug|Any CPU
		{60A2E52A-78FD-4E46-A9F7-3EC6EE700B23}.Debug|Any CPU.Build.0 = Debug|Any CPU
		{60A2E52A-78FD-4E46-A9F7-3EC6EE700B23}.Release|Any CPU.ActiveCfg = Release|Any CPU
		{60A2E52A-78FD-4E46-A9F7-3EC6EE700B23}.Release|Any CPU.Build.0 = Release|Any CPU
	EndGlobalSection
	GlobalSection(SolutionProperties) = preSolution
		HideSolutionNode = FALSE
	EndGlobalSection
EndGlobal
